
Microsoft Visual Studio Solution File, Format Version 12.00
# Visual Studio Version 17
VisualStudioVersion = 17.0.31903.59
MinimumVisualStudioVersion = 10.0.40219.1
Project("{FAE04EC0-301F-11D3-BF4B-00C04F79EFBC}") = "SuporteApp.WebAPI", "SuporteApp.WebAPI.csproj", "{AC758328-5354-4B5E-87B9-DCDC89E5F296}"
EndProject
Global
	GlobalSection(SolutionConfigurationPlatforms) = preSolution
		Debug|Any CPU = Debug|Any CPU
		Release|Any CPU = Release|Any CPU
	EndGlobalSection
	GlobalSection(SolutionProperties) = preSolution
		HideSolutionNode = FALSE
	EndGlobalSection
	GlobalSection(ProjectConfigurationPlatforms) = postSolution
		{AC758328-5354-4B5E-87B9-DCDC89E5F296}.Debug|Any CPU.ActiveCfg = Debug|Any CPU
		{AC758328-5354-4B5E-87B9-DCDC89E5F296}.Debug|Any CPU.Build.0 = Debug|Any CPU
		{AC758328-5354-4B5E-87B9-DCDC89E5F296}.Release|Any CPU.ActiveCfg = Release|Any CPU
		{AC758328-5354-4B5E-87B9-DCDC89E5F296}.Release|Any CPU.Build.0 = Release|Any CPU
	EndGlobalSection
EndGlobal
